
Microsoft Visual Studio Solution File, Format Version 12.00
# Visual Studio Version 17
VisualStudioVersion = 17.9.34723.18
MinimumVisualStudioVersion = 10.0.40219.1
Project("{FAE04EC0-301F-11D3-BF4B-00C04F79EFBC}") = "FindCurve", "FindCurve\FindCurve.csproj", "{9CDCE06D-5959-4E45-A863-7781F6C7F7D2}"
EndProject
Project("{FAE04EC0-301F-11D3-BF4B-00C04F79EFBC}") = "FindCurveLib", "FindCurveLib\FindCurveLib.csproj", "{70F2CFDF-371D-4BF5-9358-479C913292A0}"
EndProject
Global
	GlobalSection(SolutionConfigurationPlatforms) = preSolution
		Debug|Any CPU = Debug|Any CPU
		Release|Any CPU = Release|Any CPU
	EndGlobalSection
	GlobalSection(ProjectConfigurationPlatforms) = postSolution
		{9CDCE06D-5959-4E45-A863-7781F6C7F7D2}.Debug|Any CPU.ActiveCfg = Debug|Any CPU
		{9CDCE06D-5959-4E45-A863-7781F6C7F7D2}.Debug|Any CPU.Build.0 = Debug|Any CPU
		{9CDCE06D-5959-4E45-A863-7781F6C7F7D2}.Release|Any CPU.ActiveCfg = Release|Any CPU
		{9CDCE06D-5959-4E45-A863-7781F6C7F7D2}.Release|Any CPU.Build.0 = Release|Any CPU
		{70F2CFDF-371D-4BF5-9358-479C913292A0}.Debug|Any CPU.ActiveCfg = Debug|Any CPU
		{70F2CFDF-371D-4BF5-9358-479C913292A0}.Debug|Any CPU.Build.0 = Debug|Any CPU
		{70F2CFDF-371D-4BF5-9358-479C913292A0}.Release|Any CPU.ActiveCfg = Release|Any CPU
		{70F2CFDF-371D-4BF5-9358-479C913292A0}.Release|Any CPU.Build.0 = Release|Any CPU
	EndGlobalSection
	GlobalSection(SolutionProperties) = preSolution
		HideSolutionNode = FALSE
	EndGlobalSection
	GlobalSection(ExtensibilityGlobals) = postSolution
		SolutionGuid = {A13C373B-0FA6-4CF6-A8AE-1FDE481EDED7}
	EndGlobalSection
EndGlobal
